
Microsoft Visual Studio Solution File, Format Version 12.00
# Visual Studio Version 17
VisualStudioVersion = 17.4.33205.214
MinimumVisualStudioVersion = 10.0.40219.1
Project("{FAE04EC0-301F-11D3-BF4B-00C04F79EFBC}") = "ePizzaHub.Core", "ePizzaHub.Core\ePizzaHub.Core.csproj", "{325DA56F-23A5-40CF-B5AA-A237761D1128}"
EndProject
Project("{FAE04EC0-301F-11D3-BF4B-00C04F79EFBC}") = "ePizzaHub.Models", "ePizzaHub.Models\ePizzaHub.Models.csproj", "{C41C786F-680B-4691-A785-632E45D5C4FD}"
EndProject
Project("{FAE04EC0-301F-11D3-BF4B-00C04F79EFBC}") = "ePizzaHub.Repositories", "ePizzaHub.Repositories\ePizzaHub.Repositories.csproj", "{7B8A21EC-B84B-4884-99B6-E7B70EB1CD78}"
EndProject
Project("{FAE04EC0-301F-11D3-BF4B-00C04F79EFBC}") = "ePizzaHub.Services", "ePizzaHub.Services\ePizzaHub.Services.csproj", "{28BDE804-6E0A-4A53-A8E9-5E4FE35397A4}"
EndProject
Project("{FAE04EC0-301F-11D3-BF4B-00C04F79EFBC}") = "ePizzaHub.UI", "ePizzaHub.UI\ePizzaHub.UI.csproj", "{C380C15A-004F-4916-BB3B-9CA3273F9BFC}"
EndProject
Global
	GlobalSection(SolutionConfigurationPlatforms) = preSolution
		Debug|Any CPU = Debug|Any CPU
		Release|Any CPU = Release|Any CPU
	EndGlobalSection
	GlobalSection(ProjectConfigurationPlatforms) = postSolution
		{325DA56F-23A5-40CF-B5AA-A237761D1128}.Debug|Any CPU.ActiveCfg = Debug|Any CPU
		{325DA56F-23A5-40CF-B5AA-A237761D1128}.Debug|Any CPU.Build.0 = Debug|Any CPU
		{325DA56F-23A5-40CF-B5AA-A237761D1128}.Release|Any CPU.ActiveCfg = Release|Any CPU
		{325DA56F-23A5-40CF-B5AA-A237761D1128}.Release|Any CPU.Build.0 = Release|Any CPU
		{C41C786F-680B-4691-A785-632E45D5C4FD}.Debug|Any CPU.ActiveCfg = Debug|Any CPU
		{C41C786F-680B-4691-A785-632E45D5C4FD}.Debug|Any CPU.Build.0 = Debug|Any CPU
		{C41C786F-680B-4691-A785-632E45D5C4FD}.Release|Any CPU.ActiveCfg = Release|Any CPU
		{C41C786F-680B-4691-A785-632E45D5C4FD}.Release|Any CPU.Build.0 = Release|Any CPU
		{7B8A21EC-B84B-4884-99B6-E7B70EB1CD78}.Debug|Any CPU.ActiveCfg = Debug|Any CPU
		{7B8A21EC-B84B-4884-99B6-E7B70EB1CD78}.Debug|Any CPU.Build.0 = Debug|Any CPU
		{7B8A21EC-B84B-4884-99B6-E7B70EB1CD78}.Release|Any CPU.ActiveCfg = Release|Any CPU
		{7B8A21EC-B84B-4884-99B6-E7B70EB1CD78}.Release|Any CPU.Build.0 = Release|Any CPU
		{28BDE804-6E0A-4A53-A8E9-5E4FE35397A4}.Debug|Any CPU.ActiveCfg = Debug|Any CPU
		{28BDE804-6E0A-4A53-A8E9-5E4FE35397A4}.Debug|Any CPU.Build.0 = Debug|Any CPU
		{28BDE804-6E0A-4A53-A8E9-5E4FE35397A4}.Release|Any CPU.ActiveCfg = Release|Any CPU
		{28BDE804-6E0A-4A53-A8E9-5E4FE35397A4}.Release|Any CPU.Build.0 = Release|Any CPU
		{C380C15A-004F-4916-BB3B-9CA3273F9BFC}.Debug|Any CPU.ActiveCfg = Debug|Any CPU
		{C380C15A-004F-4916-BB3B-9CA3273F9BFC}.Debug|Any CPU.Build.0 = Debug|Any CPU
		{C380C15A-004F-4916-BB3B-9CA3273F9BFC}.Release|Any CPU.ActiveCfg = Release|Any CPU
		{C380C15A-004F-4916-BB3B-9CA3273F9BFC}.Release|Any CPU.Build.0 = Release|Any CPU
	EndGlobalSection
	GlobalSection(SolutionProperties) = preSolution
		HideSolutionNode = FALSE
	EndGlobalSection
	GlobalSection(ExtensibilityGlobals) = postSolution
		SolutionGuid = {2BC4D666-4543-4121-90C9-18F91684D526}
	EndGlobalSection
EndGlobal
